dependencies:
  bblanchon/arduinojson:
    component_hash: b1c2f0b0bc26969af19809cee80b220fb882481d59cc75f8e79ebceecdc69f06
    dependencies: []
    source:
      registry_url: https://components.espressif.com/
      type: service
    version: 7.4.2
  esp_lcd_touch_gsl3680:
    dependencies:
    - name: espressif/esp_lcd_touch
      public: true
      version: ^1.1.0
    source:
      path: components/esp_lcd_touch_gsl3680
      type: local
    version: '*'
  esp_lvgl_port:
    dependencies: []
    source:
      path: components/esp_lvgl_port
      type: local
    version: 2.7.1
  espressif/cmake_utilities:
    component_hash: 351350613ceafba240b761b4ea991e0f231ac7a9f59a9ee901f751bddc0bb18f
    dependencies:
    - name: idf
      require: private
      version: '>=4.1'
    source:
      registry_url: https://components.espressif.com
      type: service
    version: 0.5.3
  espressif/eppp_link:
    component_hash: 9472e6825f4bb71eca2b39cf1bc92659c1ac60bfd7416560ad033a7dd8641b17
    dependencies:
    - name: espressif/esp_serial_slave_link
      registry_url: https://components.espressif.com
      require: private
      version: ^1.1.0
    - name: idf
      require: private
      version: '>=5.2'
    source:
      registry_url: https://components.espressif.com
      type: service
    version: 1.1.4
  espressif/esp_codec_dev:
    component_hash: 0d9e9bc288156eb55f79338d312e1ebf8c9dfbd5e7d13ef0f20ccb031b4e15cf
    dependencies:
    - name: idf
      require: private
      version: '>=4.0'
    source:
      registry_url: https://components.espressif.com/
      type: service
    version: 1.5.4
  espressif/esp_hosted:
    component_hash: f6710d923349a721cf0eb79af890fc941d3b9178d482202d56f1d2a4b1213cda
    dependencies:
    - name: idf
      require: private
      version: '>=5.3'
    source:
      registry_url: https://components.espressif.com/
      type: service
    version: 2.12.1
  espressif/esp_lcd_jd9165:
    component_hash: 1eaeedd3fef31f7a48e932b17833216efe0b87238212cd7468c2e60f7236598c
    dependencies:
    - name: espressif/cmake_utilities
      registry_url: https://components.espressif.com
      require: private
      version: 0.*
    - name: idf
      require: private
      version: '>=5.3'
    source:
      registry_url: https://components.espressif.com/
      type: service
    targets:
    - esp32p4
    version: 2.0.2
  espressif/esp_lcd_jd9365:
    component_hash: ca0517ca0aaccac53e1eb572fbfc8262086401875a4823862b8bca475843db1a
    dependencies:
    - name: espressif/cmake_utilities
      registry_url: https://components.espressif.com
      require: private
      version: 0.*
    - name: idf
      require: private
      version: '>=5.4'
    source:
      registry_url: https://components.espressif.com/
      type: service
    targets:
    - esp32p4
    version: 2.0.2
  espressif/esp_lcd_st7701:
    component_hash: 3fb061112bfe5402dcf5e09ff7e7f5b09a96b9a3fdd81c59d69996626b4dbc2f
    dependencies:
    - name: espressif/cmake_utilities
      registry_url: https://components.espressif.com
      require: private
      version: 0.*
    - name: idf
      require: private
      version: '>=5.4'
    source:
      registry_url: https://components.espressif.com/
      type: service
    targets:
    - esp32s3
    - esp32p4
    version: 2.0.2
  espressif/esp_lcd_touch:
    component_hash: 3f85a7d95af876f1a6ecca8eb90a81614890d0f03a038390804e5a77e2caf862
    dependencies:
    - name: idf
      require: private
      version: '>=4.4.2'
    source:
      registry_url: https://components.espressif.com/
      type: service
    version: 1.2.1
  espressif/esp_lcd_touch_gt911:
    component_hash: be02e243d18b9a661bc13b0d22c0a5cfa3f708cf04d6eb059772276c8c8a4d76
    dependencies:
    - name: espressif/esp_lcd_touch
      registry_url: https://components.espressif.com
      require: public
      version: ^1.2.0
    - name: idf
      require: private
      version: '>=4.4.2'
    source:
      registry_url: https://components.espressif.com/
      type: service
    version: 1.2.0~1
  espressif/esp_serial_slave_link:
    component_hash: ac1776806de0a6e371c84e87898bb983e19ce62aa7f1e2e5c4a3b0234a575d2c
    dependencies:
    - name: idf
      require: private
      version: '>=5.0'
    source:
      registry_url: https://components.espressif.com
      type: service
    version: 1.1.2
  espressif/esp_wifi_remote:
    component_hash: 67efd839bd84efb94b149a28044f9918473e7f4facf709bf4121744e4927df09
    dependencies:
    - name: espressif/esp_hosted
      registry_url: https://components.espressif.com
      require: private
      rules:
      - if: target in [esp32h2, esp32p4]
      version: '>=2.11'
    - name: espressif/wifi_remote_over_eppp
      registry_url: https://components.espressif.com
      require: private
      version: '>=0.1'
    - name: idf
      require: private
      version: '>=5.3'
    source:
      registry_url: https://components.espressif.com/
      type: service
    version: 1.3.2
  espressif/wifi_remote_over_eppp:
    component_hash: ac4d13625cc9f88597cd612d2758580fac287d8ec731b606f2a0720d28cda6cd
    dependencies:
    - name: espressif/eppp_link
      registry_url: https://components.espressif.com
      require: private
      version: '>=0.1'
    - name: idf
      require: private
      version: '>=5.3'
    source:
      registry_url: https://components.espressif.com
      type: service
    version: 0.3.1
  idf:
    source:
      type: idf
    version: 5.5.2
  lvgl/lvgl:
    component_hash: 17e68bfd21f0edf4c3ee838e2273da840bf3930e5dbc3bfa6c1190c3aed41f9f
    dependencies: []
    source:
      registry_url: https://components.espressif.com/
      type: service
    version: 9.4.0
direct_dependencies:
- bblanchon/arduinojson
- esp_lcd_touch_gsl3680
- esp_lvgl_port
- espressif/esp_codec_dev
- espressif/esp_hosted
- espressif/esp_lcd_jd9165
- espressif/esp_lcd_jd9365
- espressif/esp_lcd_st7701
- espressif/esp_lcd_touch
- espressif/esp_lcd_touch_gt911
- espressif/esp_wifi_remote
- idf
- lvgl/lvgl
manifest_hash: 7a47dd3532a6770c050456fca0f90dcd5986e479b7a0ece37ade814ef98b2c44
target: esp32p4
version: 3.0.0
